
Microsoft Visual Studio Solution File, Format Version 12.00
Project("{FAE04EC0-301F-11D3-BF4B-00C04F79EFBC}") = "Ejemplo02", "Ejemplo02.csproj", "{120C7C68-EBBD-4141-8683-8E97A004C268}"
EndProject
Global
	GlobalSection(SolutionConfigurationPlatforms) = preSolution
		Debug|Any CPU = Debug|Any CPU
		Release|Any CPU = Release|Any CPU
	EndGlobalSection
	GlobalSection(ProjectConfigurationPlatforms) = postSolution
		{120C7C68-EBBD-4141-8683-8E97A004C268}.Debug|Any CPU.ActiveCfg = Debug|Any CPU
		{120C7C68-EBBD-4141-8683-8E97A004C268}.Debug|Any CPU.Build.0 = Debug|Any CPU
		{120C7C68-EBBD-4141-8683-8E97A004C268}.Release|Any CPU.ActiveCfg = Release|Any CPU
		{120C7C68-EBBD-4141-8683-8E97A004C268}.Release|Any CPU.Build.0 = Release|Any CPU
	EndGlobalSection
EndGlobal
