
Microsoft Visual Studio Solution File, Format Version 12.00
Project("{FAE04EC0-301F-11D3-BF4B-00C04F79EFBC}") = "Banco.Dominio", "Banco.Dominio\Banco.Dominio.csproj", "{0039EC85-EB68-446A-BB83-8CF89F388FBD}"
EndProject
Project("{FAE04EC0-301F-11D3-BF4B-00C04F79EFBC}") = "Banco.Dominio.Test", "Banco.Dominio.Test\Banco.Dominio.Test.csproj", "{03A4928B-6DC4-4160-8D2E-6701A86730BA}"
EndProject
Global
	GlobalSection(SolutionConfigurationPlatforms) = preSolution
		Debug|Any CPU = Debug|Any CPU
		Release|Any CPU = Release|Any CPU
	EndGlobalSection
	GlobalSection(ProjectConfigurationPlatforms) = postSolution
		{0039EC85-EB68-446A-BB83-8CF89F388FBD}.Debug|Any CPU.ActiveCfg = Debug|Any CPU
		{0039EC85-EB68-446A-BB83-8CF89F388FBD}.Debug|Any CPU.Build.0 = Debug|Any CPU
		{0039EC85-EB68-446A-BB83-8CF89F388FBD}.Release|Any CPU.ActiveCfg = Release|Any CPU
		{0039EC85-EB68-446A-BB83-8CF89F388FBD}.Release|Any CPU.Build.0 = Release|Any CPU
		{03A4928B-6DC4-4160-8D2E-6701A86730BA}.Debug|Any CPU.ActiveCfg = Debug|Any CPU
		{03A4928B-6DC4-4160-8D2E-6701A86730BA}.Debug|Any CPU.Build.0 = Debug|Any CPU
		{03A4928B-6DC4-4160-8D2E-6701A86730BA}.Release|Any CPU.ActiveCfg = Release|Any CPU
		{03A4928B-6DC4-4160-8D2E-6701A86730BA}.Release|Any CPU.Build.0 = Release|Any CPU
	EndGlobalSection
EndGlobal
